
Microsoft Visual Studio Solution File, Format Version 12.00
# Visual Studio Version 17
VisualStudioVersion = 17.13.35825.156
MinimumVisualStudioVersion = 10.0.40219.1
Project("{FAE04EC0-301F-11D3-BF4B-00C04F79EFBC}") = "PhanThanhTuan_2122110123", "PhanThanhTuan_2122110123\PhanThanhTuan_2122110123.csproj", "{9CD933D2-34AE-4F40-9774-D4279A9DE09C}"
EndProject
Global
	GlobalSection(SolutionConfigurationPlatforms) = preSolution
		Debug|Any CPU = Debug|Any CPU
		Release|Any CPU = Release|Any CPU
	EndGlobalSection
	GlobalSection(ProjectConfigurationPlatforms) = postSolution
		{9CD933D2-34AE-4F40-9774-D4279A9DE09C}.Debug|Any CPU.ActiveCfg = Debug|Any CPU
		{9CD933D2-34AE-4F40-9774-D4279A9DE09C}.Debug|Any CPU.Build.0 = Debug|Any CPU
		{9CD933D2-34AE-4F40-9774-D4279A9DE09C}.Release|Any CPU.ActiveCfg = Release|Any CPU
		{9CD933D2-34AE-4F40-9774-D4279A9DE09C}.Release|Any CPU.Build.0 = Release|Any CPU
	EndGlobalSection
	GlobalSection(SolutionProperties) = preSolution
		HideSolutionNode = FALSE
	EndGlobalSection
	GlobalSection(ExtensibilityGlobals) = postSolution
		SolutionGuid = {0E89DD79-6B10-449D-94F6-1648338D8062}
	EndGlobalSection
EndGlobal
